
Microsoft Visual Studio Solution File, Format Version 12.00
# Visual Studio Version 16
VisualStudioVersion = 16.0.29609.76
MinimumVisualStudioVersion = 10.0.40219.1
Project("{FAE04EC0-301F-11D3-BF4B-00C04F79EFBC}") = "TransportVehicleReturnPatch", "TransportVehicleReturnPatch.csproj", "{E1610F23-BF20-4249-88D3-965BCE513D26}"
EndProject
Global
	GlobalSection(SolutionConfigurationPlatforms) = preSolution
		Debug|Any CPU = Debug|Any CPU
		Release|Any CPU = Release|Any CPU
	EndGlobalSection
	GlobalSection(ProjectConfigurationPlatforms) = postSolution
		{E1610F23-BF20-4249-88D3-965BCE513D26}.Debug|Any CPU.ActiveCfg = Debug|Any CPU
		{E1610F23-BF20-4249-88D3-965BCE513D26}.Debug|Any CPU.Build.0 = Debug|Any CPU
		{E1610F23-BF20-4249-88D3-965BCE513D26}.Release|Any CPU.ActiveCfg = Release|Any CPU
		{E1610F23-BF20-4249-88D3-965BCE513D26}.Release|Any CPU.Build.0 = Release|Any CPU
	EndGlobalSection
	GlobalSection(SolutionProperties) = preSolution
		HideSolutionNode = FALSE
	EndGlobalSection
	GlobalSection(ExtensibilityGlobals) = postSolution
		SolutionGuid = {7D9FE613-6566-4AA0-B26C-0513FB733F79}
	EndGlobalSection
EndGlobal
